
Microsoft Visual Studio Solution File, Format Version 12.00
# Visual Studio Version 16
VisualStudioVersion = 16.0.30503.244
MinimumVisualStudioVersion = 10.0.40219.1
Project("{FAE04EC0-301F-11D3-BF4B-00C04F79EFBC}") = "Ares", "Ares.csproj", "{91B46D60-7130-4EE5-A134-F102B9ABF352}"
EndProject
Global
	GlobalSection(SolutionConfigurationPlatforms) = preSolution
		Debug|Any CPU = Debug|Any CPU
		Release|Any CPU = Release|Any CPU
	EndGlobalSection
	GlobalSection(ProjectConfigurationPlatforms) = postSolution
		{91B46D60-7130-4EE5-A134-F102B9ABF352}.Debug|Any CPU.ActiveCfg = Debug|Any CPU
		{91B46D60-7130-4EE5-A134-F102B9ABF352}.Debug|Any CPU.Build.0 = Debug|Any CPU
		{91B46D60-7130-4EE5-A134-F102B9ABF352}.Release|Any CPU.ActiveCfg = Release|Any CPU
		{91B46D60-7130-4EE5-A134-F102B9ABF352}.Release|Any CPU.Build.0 = Release|Any CPU
	EndGlobalSection
	GlobalSection(SolutionProperties) = preSolution
		HideSolutionNode = FALSE
	EndGlobalSection
	GlobalSection(ExtensibilityGlobals) = postSolution
		SolutionGuid = {1120E8B1-DF09-4976-9886-A7D0BDEA1E55}
	EndGlobalSection
EndGlobal
